// !$*UTF8*$!
{
	archiveVersion = 1;
	classes = {
	};
	objectVersion = 77;
	objects = {

/* Begin PBXBuildFile section */
		01F34F9436297606B950030C /* NotchlessApp.swift in Sources */ = {isa = PBXBuildFile; fileRef = 00CFE1E4F2676C86CECCB7EE /* NotchlessApp.swift */; };
		02136F25211397AFCB03D436 /* LLMModelStore.swift in Sources */ = {isa = PBXBuildFile; fileRef = 1407D22EF1BD7E525E7BDD3A /* LLMModelStore.swift */; };
		0250D3AC1DF27F1CDA1EB52A /* SettingsStore.swift in Sources */ = {isa = PBXBuildFile; fileRef = 8612F3D7D4F7BD6C51E6033C /* SettingsStore.swift */; };
		09238B763606DC8B03079D11 /* DuoExpandedView.swift in Sources */ = {isa = PBXBuildFile; fileRef = 9BF82551C4728C8BB952619D /* DuoExpandedView.swift */; };
		0F3843A5336852BB88FE143D /* ColorExtractor.swift in Sources */ = {isa = PBXBuildFile; fileRef = 668B5520E1FE9DC33332F0C2 /* ColorExtractor.swift */; };
		11FF76F5A8103AFAA7892430 /* DictationLog.swift in Sources */ = {isa = PBXBuildFile; fileRef = 130984CBABB46A8EA33C8934 /* DictationLog.swift */; };
		13A14B5DC2D7B723AB88D9C2 /* CalendarExpandedView.swift in Sources */ = {isa = PBXBuildFile; fileRef = 2F033CA4C5E864BE6FB31026 /* CalendarExpandedView.swift */; };
		145A01A53ACDD7D6FECD8CED /* DictationSettings.swift in Sources */ = {isa = PBXBuildFile; fileRef = 5E3DFBDBD5A3CE7BD0480654 /* DictationSettings.swift */; };
		18F763D5FC458DE776D07E18 /* ProgressiveBlur.swift in Sources */ = {isa = PBXBuildFile; fileRef = 88577E13DD2CD2DAE7AD8F30 /* ProgressiveBlur.swift */; };
		19618E784C110C715811BBB6 /* LiquidGlass.swift in Sources */ = {isa = PBXBuildFile; fileRef = BF84E32EAF33037E27A1924A /* LiquidGlass.swift */; };
		1EDF795FC341042929C62D62 /* HistoryCipher.swift in Sources */ = {isa = PBXBuildFile; fileRef = B5AE8532315C968275964F0D /* HistoryCipher.swift */; };
		210550D839B4DEE15F29E6FF /* DictationPhase.swift in Sources */ = {isa = PBXBuildFile; fileRef = DEB62E0243F69E04077655E7 /* DictationPhase.swift */; };
		22BEC9D31B37808F61204B7F /* DictationTranscriber.swift in Sources */ = {isa = PBXBuildFile; fileRef = 88A003741FACD62A63A8BADB /* DictationTranscriber.swift */; };
		27171402888E732A82628AE1 /* NowPlayingExpandedView.swift in Sources */ = {isa = PBXBuildFile; fileRef = AC5DC4308AB30C81490BB451 /* NowPlayingExpandedView.swift */; };
		28FDD79316AF13EEFAA4FB9C /* BatteryInfo.swift in Sources */ = {isa = PBXBuildFile; fileRef = BB0E639D039BCAD8A483DA77 /* BatteryInfo.swift */; };
		29591514593BEC3CA130C411 /* MonthGrid.swift in Sources */ = {isa = PBXBuildFile; fileRef = E27C8C2FB9CEA532C502AF7E /* MonthGrid.swift */; };
		2EBA5724103EB2F4A25861D1 /* OnboardingStep.swift in Sources */ = {isa = PBXBuildFile; fileRef = 9A1B55F8B1EA568166FE2A99 /* OnboardingStep.swift */; };
		2EFF1A4D493ABA3EA02ADB80 /* NotificationView.swift in Sources */ = {isa = PBXBuildFile; fileRef = F7BCB0085DDCAFEBADD7B266 /* NotificationView.swift */; };
		2F7EF27C2A809D3F090AE0C9 /* FluidAudio in Frameworks */ = {isa = PBXBuildFile; productRef = FED496F03943988A5661F68C /* FluidAudio */; };
		304DCEF32FDE3017A29FFB4C /* StatsExpandedView.swift in Sources */ = {isa = PBXBuildFile; fileRef = C77F601FB57BCBD1522886DE /* StatsExpandedView.swift */; };
		3203400C2B08EEE623AF2642 /* DictationHotkey.swift in Sources */ = {isa = PBXBuildFile; fileRef = 8FFB73DAD95884D3AF747F72 /* DictationHotkey.swift */; };
		322CBA757B63BDB9EB347C90 /* StyleStore.swift in Sources */ = {isa = PBXBuildFile; fileRef = 53F0B09F7F6F4EFA30345E2B /* StyleStore.swift */; };
		344F79ACA38A91C56DF3AB38 /* MediaRemoteProvider.swift in Sources */ = {isa = PBXBuildFile; fileRef = 069DD84D7362D2E99FC1974D /* MediaRemoteProvider.swift */; };
		363DEC8533B71DB483C37AE2 /* CalendarSnapshot.swift in Sources */ = {isa = PBXBuildFile; fileRef = 23F807BFE4141F4EEC2E04A1 /* CalendarSnapshot.swift */; };
		366F80BBEAD17958640B199D /* BatteryController.swift in Sources */ = {isa = PBXBuildFile; fileRef = C08D02C3963195376B0C2EBB /* BatteryController.swift */; };
		367DBD6FF12C1BF17D017692 /* SpokenCommands.swift in Sources */ = {isa = PBXBuildFile; fileRef = A9376414265497D8D44092C2 /* SpokenCommands.swift */; };
		3A639723CF59773C1D1C50D4 /* TextPolish.swift in Sources */ = {isa = PBXBuildFile; fileRef = A50E5AE6B902488140207BE5 /* TextPolish.swift */; };
		41353545E0AC114388EC3AD4 /* Keychain.swift in Sources */ = {isa = PBXBuildFile; fileRef = 9790DBB08FBDC02856AF160E /* Keychain.swift */; };
		43CC7A9080A291F8BE4BD7AA /* PowerService.swift in Sources */ = {isa = PBXBuildFile; fileRef = 4110D43A0E5299DE82CD0C35 /* PowerService.swift */; };
		53D68B452962692E0BA73CB0 /* StatsController.swift in Sources */ = {isa = PBXBuildFile; fileRef = AF42958151A8DABE21AEBCD9 /* StatsController.swift */; };
		54BE67E3DF480053519E1996 /* GeneralPane.swift in Sources */ = {isa = PBXBuildFile; fileRef = EE7C371A4406389B266AA7E2 /* GeneralPane.swift */; };
		558F9729FFE83085D2784147 /* ParakeetTranscriber.swift in Sources */ = {isa = PBXBuildFile; fileRef = 1F928F38E2267C704D0A22C5 /* ParakeetTranscriber.swift */; };
		57C451CB77724BFC8C0A47F3 /* MediaKeyTap.swift in Sources */ = {isa = PBXBuildFile; fileRef = D46C86B09DA7A425C195845C /* MediaKeyTap.swift */; };
		5814005032654FD0891558A7 /* MirrorView.swift in Sources */ = {isa = PBXBuildFile; fileRef = 14464252ABBBB88578C82163 /* MirrorView.swift */; };
		5EFBF404F651C37E94C68F53 /* NotchGeometry.swift in Sources */ = {isa = PBXBuildFile; fileRef = CDD02EC3DED0756D03D86582 /* NotchGeometry.swift */; };
		645101E6DBF58D1CCEB31F8A /* NotchHostingView.swift in Sources */ = {isa = PBXBuildFile; fileRef = 2EB9816D2931E8FF58D1B6E8 /* NotchHostingView.swift */; };
		66EF452C0CA9BE2F1F175300 /* WeatherService.swift in Sources */ = {isa = PBXBuildFile; fileRef = 31FE9EFABAF7A64882FD4ED5 /* WeatherService.swift */; };
		691DE15FF9F175D840816BE9 /* BatteryExpandedView.swift in Sources */ = {isa = PBXBuildFile; fileRef = E6C656CD084D52CB3E45C0B9 /* BatteryExpandedView.swift */; };
		6BA59A063E37B6C9B640B33E /* AppIcon.icns in Resources */ = {isa = PBXBuildFile; fileRef = 502259DFF8DBF23D721DBAF9 /* AppIcon.icns */; };
		6FC9B8CBA32BA24790397380 /* TranscriptHygiene.swift in Sources */ = {isa = PBXBuildFile; fileRef = 2947C4AF2C8A01F1D6A355E0 /* TranscriptHygiene.swift */; };
		6FECCF70903BE7ACBA10D80F /* OSDSuppressor.swift in Sources */ = {isa = PBXBuildFile; fileRef = E98779ED36B57471977EF2DE /* OSDSuppressor.swift */; };
		70A88A0FFD040CA1FB786E34 /* FileTrayView.swift in Sources */ = {isa = PBXBuildFile; fileRef = C644C5BAAD160A9D15B01F3A /* FileTrayView.swift */; };
		720374509F92779850C194E8 /* SettingsView.swift in Sources */ = {isa = PBXBuildFile; fileRef = 78BCEBB323CDAD6A811E8554 /* SettingsView.swift */; };
		72DEE317B05A1C697A6E5FEC /* LLM in Frameworks */ = {isa = PBXBuildFile; productRef = E306D38308F488634521A017 /* LLM */; };
		742A0CDFB94FCFB8F30B5FDC /* NowPlayingInfo.swift in Sources */ = {isa = PBXBuildFile; fileRef = 0792D249EAFCEC1EEF403D61 /* NowPlayingInfo.swift */; };
		74BCDFEFB26C88D0C152E17B /* NotchRootView.swift in Sources */ = {isa = PBXBuildFile; fileRef = F90F95E41E2E1BBC18897287 /* NotchRootView.swift */; };
		7BE3B919A50B22D15AA965F9 /* DictationPane.swift in Sources */ = {isa = PBXBuildFile; fileRef = CE525E793DDE3B7457DDD256 /* DictationPane.swift */; };
		80A4687395BA0CBA2D28F23D /* LocalLLMEngine.swift in Sources */ = {isa = PBXBuildFile; fileRef = 5ACF761DCA999E2FFDA1503F /* LocalLLMEngine.swift */; };
		8216F256E7F31B5D6C227BF2 /* PermissionsPane.swift in Sources */ = {isa = PBXBuildFile; fileRef = 57BDE62C222102C328F32CB4 /* PermissionsPane.swift */; };
		82C9769F1C3BA6D8F785F14D /* Adapter in Resources */ = {isa = PBXBuildFile; fileRef = 9EFACF17C1DB906E087EF580 /* Adapter */; };
		872C4394EB12D2F3DD16D8BB /* OnboardingView.swift in Sources */ = {isa = PBXBuildFile; fileRef = 169D3F0F0EAD0DC89BBF9787 /* OnboardingView.swift */; };
		8C8D761713B34CA8A4E29E0F /* NotchViewModel.swift in Sources */ = {isa = PBXBuildFile; fileRef = 286F0633A7BE13DC7A7E3B8C /* NotchViewModel.swift */; };
		920804F844DDE74B24333D9E /* AudioService.swift in Sources */ = {isa = PBXBuildFile; fileRef = 7C538E54FF02A2F6DE45489A /* AudioService.swift */; };
		95802ABDB68ED906D04B7047 /* DictationView.swift in Sources */ = {isa = PBXBuildFile; fileRef = 8E0748A812F9F42C421EF0CA /* DictationView.swift */; };
		975FEFDDA78899DFEC47CE02 /* DictationOutputRouter.swift in Sources */ = {isa = PBXBuildFile; fileRef = 9B6BBAD773824BF21BB4ADD6 /* DictationOutputRouter.swift */; };
		98CA2F12A40662BCDB8F616B /* SettingsWindowController.swift in Sources */ = {isa = PBXBuildFile; fileRef = 10D91036C934CFFB57C55D5E /* SettingsWindowController.swift */; };
		A18F956E8D227E52D0BCC84D /* IdleCompactView.swift in Sources */ = {isa = PBXBuildFile; fileRef = 5189F71C629EB83F575D98C6 /* IdleCompactView.swift */; };
		A255E19EC1757AA78FAC8CE0 /* CameraSession.swift in Sources */ = {isa = PBXBuildFile; fileRef = CDC397D6C160FFC91B2F0170 /* CameraSession.swift */; };
		A45798FB77A2E72B4A146CBC /* HUDController.swift in Sources */ = {isa = PBXBuildFile; fileRef = 36139405A50DAF64C3F68515 /* HUDController.swift */; };
		A6C703DC0B5AB321F8142904 /* CalendarService.swift in Sources */ = {isa = PBXBuildFile; fileRef = 8A97033A82195EFA72F28A1F /* CalendarService.swift */; };
		A6C7EA405EB343EF243EBF57 /* CorrectionMiner.swift in Sources */ = {isa = PBXBuildFile; fileRef = 3D8927724EE3BBFF1AAD6647 /* CorrectionMiner.swift */; };
		A96837C303AAD0EDAAD55B6C /* MarqueeText.swift in Sources */ = {isa = PBXBuildFile; fileRef = 151C8E7AD60BAECB8D6E7140 /* MarqueeText.swift */; };
		AAECAFF8632E84F68708D361 /* SystemStats.swift in Sources */ = {isa = PBXBuildFile; fileRef = 3B8B146BE74DA2E6A2E8FC72 /* SystemStats.swift */; };
		ABEE83840B0CE61706AF8C1F /* NotchMouseTracker.swift in Sources */ = {isa = PBXBuildFile; fileRef = 69FDFDF0B69DFBD7FACAF09B /* NotchMouseTracker.swift */; };
		AFA6D894EB27F9923358892D /* DictationDictionary.swift in Sources */ = {isa = PBXBuildFile; fileRef = 8890A325BFB95C7D5EBB013A /* DictationDictionary.swift */; };
		B3681F4C8AB56CF252F8B855 /* TranscriptCleaner.swift in Sources */ = {isa = PBXBuildFile; fileRef = 9CB6CF685F8336B22B5518E4 /* TranscriptCleaner.swift */; };
		B463327ABD84563142C4CCA2 /* SpeechTranscriber.swift in Sources */ = {isa = PBXBuildFile; fileRef = FF1CF8B6D5BC5B91583D9D2E /* SpeechTranscriber.swift */; };
		B4C89090D50D4A1428FB749E /* NotchPanel.swift in Sources */ = {isa = PBXBuildFile; fileRef = 17D48F00CAEB14383F7588BF /* NotchPanel.swift */; };
		B50430E3059C902649C2B6DB /* OnboardingWindowController.swift in Sources */ = {isa = PBXBuildFile; fileRef = D54CFEB740F3CC1FE3E5BF30 /* OnboardingWindowController.swift */; };
		B9A29D1A34231911A8564038 /* SpectrumAnalyzer.swift in Sources */ = {isa = PBXBuildFile; fileRef = ABA2ED9B29203616F7768230 /* SpectrumAnalyzer.swift */; };
		BA340133076C4E8CDDCA18A5 /* DictationSnippets.swift in Sources */ = {isa = PBXBuildFile; fileRef = 86378CA9D2E1F2ACF1CF6E26 /* DictationSnippets.swift */; };
		BA8A28CB1698DE3063B9BA0F /* LoginItem.swift in Sources */ = {isa = PBXBuildFile; fileRef = 49143FC7028CA29D3CDFEF8B /* LoginItem.swift */; };
		BDBAE5608769B6C96CFF5749 /* DebugRender.swift in Sources */ = {isa = PBXBuildFile; fileRef = BB7D0ED643A7581A1B38DDAF /* DebugRender.swift */; };
		BE32DA154376F5CA427AADB2 /* SystemAudioTap.swift in Sources */ = {isa = PBXBuildFile; fileRef = E1CF41BD0F0A551BFA2E6FE3 /* SystemAudioTap.swift */; };
		BEE1B804D7875AF94FD95D60 /* AppContext.swift in Sources */ = {isa = PBXBuildFile; fileRef = 1E131F1640F333CA31A1B9B4 /* AppContext.swift */; };
		C0DC34CA2DC352BA548174B0 /* HUDView.swift in Sources */ = {isa = PBXBuildFile; fileRef = D317627CFB43D0BC2AD3B346 /* HUDView.swift */; };
		C185C3B31042D20293529F25 /* FileTrayStore.swift in Sources */ = {isa = PBXBuildFile; fileRef = 48E573782811B2DD439B0166 /* FileTrayStore.swift */; };
		C1F5194530259C2BB34DCB49 /* HapticService.swift in Sources */ = {isa = PBXBuildFile; fileRef = 4F019F8633E05DF0FC958DE7 /* HapticService.swift */; };
		C21A8BA5FF3F3B4A81A917B2 /* DictationController.swift in Sources */ = {isa = PBXBuildFile; fileRef = 4FDBBDD6E214B7C5F9781A96 /* DictationController.swift */; };
		C2D9E68847BC28D2100AE955 /* PermissionsModel.swift in Sources */ = {isa = PBXBuildFile; fileRef = 9C4C2AD2CB14ABD4BAA3B3CB /* PermissionsModel.swift */; };
		C501A3E1C28009667BFBBB8B /* EffectsController.swift in Sources */ = {isa = PBXBuildFile; fileRef = 4ABDED6A25067429A472C9E6 /* EffectsController.swift */; };
		CAD71856E5EF512924B56451 /* MediaRemoteBridge.swift in Sources */ = {isa = PBXBuildFile; fileRef = C23798CAD00021C31D06C419 /* MediaRemoteBridge.swift */; };
		CBF1053AB04D719A33C9D0DD /* DisplayService.swift in Sources */ = {isa = PBXBuildFile; fileRef = 32471DD16AC835C67E00A57B /* DisplayService.swift */; };
		CCCF4DEB2080E98195343ADD /* NotchState.swift in Sources */ = {isa = PBXBuildFile; fileRef = 03D9C44D2BCBC2D409E025B9 /* NotchState.swift */; };
		CF1849A63606DC2CDD335AC6 /* AppTheme.swift in Sources */ = {isa = PBXBuildFile; fileRef = 7409DA42DF89959B7CA49EF4 /* AppTheme.swift */; };
		D0FFB21CF40997501AE4B337 /* AdapterNowPlayingProvider.swift in Sources */ = {isa = PBXBuildFile; fileRef = C40AF2391776BBCC4E091A2E /* AdapterNowPlayingProvider.swift */; };
		D25DBDC55FD00E127EA7E480 /* AppDelegate.swift in Sources */ = {isa = PBXBuildFile; fileRef = F3A45D9D9BB21BF583940877 /* AppDelegate.swift */; };
		D6D4037D1E230FEDE2352BB9 /* SoundCue.swift in Sources */ = {isa = PBXBuildFile; fileRef = 15FC7A9F3CD3E2E4CD05A5D6 /* SoundCue.swift */; };
		D796BED27ED47C828BD3A16B /* AudioOutputService.swift in Sources */ = {isa = PBXBuildFile; fileRef = 27D68034B03512AB12A8F253 /* AudioOutputService.swift */; };
		DB850608FD57B3655D72CDAD /* AboutPane.swift in Sources */ = {isa = PBXBuildFile; fileRef = 6E83C2F46A0365544CCEB62D /* AboutPane.swift */; };
		DEDC93BF74C5528C3B25FA2A /* VisualizerBars.swift in Sources */ = {isa = PBXBuildFile; fileRef = 917DCFC4978B80FC1CFE4028 /* VisualizerBars.swift */; };
		EA44623562604134EA00B633 /* NotchShape.swift in Sources */ = {isa = PBXBuildFile; fileRef = B981ADF62D0E9492C32F5889 /* NotchShape.swift */; };
		EAE8E3E4DBDE9B3FF93159E0 /* Uninstaller.swift in Sources */ = {isa = PBXBuildFile; fileRef = AA3E4C17DE831C5A052EAC0C /* Uninstaller.swift */; };
		EBD837C808F8B1C988F91A7C /* Paster.swift in Sources */ = {isa = PBXBuildFile; fileRef = 0D64FA4B151E20A53E5F8214 /* Paster.swift */; };
		ECDD69D6D8A7E205726DBF9A /* NotificationsController.swift in Sources */ = {isa = PBXBuildFile; fileRef = E29A8D6C6C6B9D21FFB41843 /* NotificationsController.swift */; };
		EFB78AA22EB956491E9E0FD2 /* CalendarController.swift in Sources */ = {isa = PBXBuildFile; fileRef = 7436C1E71C7C818FEBB90CF8 /* CalendarController.swift */; };
		F14D81FF71DAC194762E6FF0 /* BluetoothService.swift in Sources */ = {isa = PBXBuildFile; fileRef = B9DADDD961F4A1E39AB7B936 /* BluetoothService.swift */; };
		F38318C30E19B3B195254FC3 /* ClaudeAPIClient.swift in Sources */ = {isa = PBXBuildFile; fileRef = D9DBEFD958A6F2DC1B51F3CE /* ClaudeAPIClient.swift */; };
		F44E514A7B4FA994205C18A8 /* ParakeetEngine.swift in Sources */ = {isa = PBXBuildFile; fileRef = BBCA187A53D74C7DF87831CC /* ParakeetEngine.swift */; };
		F5BD047F0397AC7FA41653B6 /* CleanupGate.swift in Sources */ = {isa = PBXBuildFile; fileRef = A7D9737225F607B50F06D595 /* CleanupGate.swift */; };
		F721B62A4AE944C7CF5BC17A /* PermissionRequester.swift in Sources */ = {isa = PBXBuildFile; fileRef = 92DA3597A1503D887F3BBC8F /* PermissionRequester.swift */; };
		FACCDF8CD83FD1FAC4CF9726 /* BuiltinTransforms.swift in Sources */ = {isa = PBXBuildFile; fileRef = 9DF30250EEC9B100BCF2CEA2 /* BuiltinTransforms.swift */; };
		FBA068FD6CD736D9363A94A6 /* FocusService.swift in Sources */ = {isa = PBXBuildFile; fileRef = FCAD4D4508381A1837D0D5D9 /* FocusService.swift */; };
		FE2C848DA16FC60DBC21C055 /* NotchSizing.swift in Sources */ = {isa = PBXBuildFile; fileRef = 18B63A9BE0757848CDAE7E12 /* NotchSizing.swift */; };
		FF3ABAFCE31E45113F6479AA /* MediaController.swift in Sources */ = {isa = PBXBuildFile; fileRef = B0A39DBA12D85AB052A38D94 /* MediaController.swift */; };
		FF7C7D7592B3270397A42CA1 /* DictationHistory.swift in Sources */ = {isa = PBXBuildFile; fileRef = 6F2C0E36633C2C8884414928 /* DictationHistory.swift */; };
/* End PBXBuildFile section */

/* Begin PBXFileReference section */
		00CFE1E4F2676C86CECCB7EE /* NotchlessApp.swift */ = {isa = PBXFileReference; lastKnownFileType = sourcecode.swift; path = NotchlessApp.swift; sourceTree = "<group>"; };
		03D9C44D2BCBC2D409E025B9 /* NotchState.swift */ = {isa = PBXFileReference; lastKnownFileType = sourcecode.swift; path = NotchState.swift; sourceTree = "<group>"; };
		069DD84D7362D2E99FC1974D /* MediaRemoteProvider.swift */ = {isa = PBXFileReference; lastKnownFileType = sourcecode.swift; path = MediaRemoteProvider.swift; sourceTree = "<group>"; };
		0792D249EAFCEC1EEF403D61 /* NowPlayingInfo.swift */ = {isa = PBXFileReference; lastKnownFileType = sourcecode.swift; path = NowPlayingInfo.swift; sourceTree = "<group>"; };
		0D64FA4B151E20A53E5F8214 /* Paster.swift */ = {isa = PBXFileReference; lastKnownFileType = sourcecode.swift; path = Paster.swift; sourceTree = "<group>"; };
		10D91036C934CFFB57C55D5E /* SettingsWindowController.swift */ = {isa = PBXFileReference; lastKnownFileType = sourcecode.swift; path = SettingsWindowController.swift; sourceTree = "<group>"; };
		130984CBABB46A8EA33C8934 /* DictationLog.swift */ = {isa = PBXFileReference; lastKnownFileType = sourcecode.swift; path = DictationLog.swift; sourceTree = "<group>"; };
		1407D22EF1BD7E525E7BDD3A /* LLMModelStore.swift */ = {isa = PBXFileReference; lastKnownFileType = sourcecode.swift; path = LLMModelStore.swift; sourceTree = "<group>"; };
		14464252ABBBB88578C82163 /* MirrorView.swift */ = {isa = PBXFileReference; lastKnownFileType = sourcecode.swift; path = MirrorView.swift; sourceTree = "<group>"; };
		151C8E7AD60BAECB8D6E7140 /* MarqueeText.swift */ = {isa = PBXFileReference; lastKnownFileType = sourcecode.swift; path = MarqueeText.swift; sourceTree = "<group>"; };
		15FC7A9F3CD3E2E4CD05A5D6 /* SoundCue.swift */ = {isa = PBXFileReference; lastKnownFileType = sourcecode.swift; path = SoundCue.swift; sourceTree = "<group>"; };
		169D3F0F0EAD0DC89BBF9787 /* OnboardingView.swift */ = {isa = PBXFileReference; lastKnownFileType = sourcecode.swift; path = OnboardingView.swift; sourceTree = "<group>"; };
		17D48F00CAEB14383F7588BF /* NotchPanel.swift */ = {isa = PBXFileReference; lastKnownFileType = sourcecode.swift; path = NotchPanel.swift; sourceTree = "<group>"; };
		18B63A9BE0757848CDAE7E12 /* NotchSizing.swift */ = {isa = PBXFileReference; lastKnownFileType = sourcecode.swift; path = NotchSizing.swift; sourceTree = "<group>"; };
		1E131F1640F333CA31A1B9B4 /* AppContext.swift */ = {isa = PBXFileReference; lastKnownFileType = sourcecode.swift; path = AppContext.swift; sourceTree = "<group>"; };
		1F928F38E2267C704D0A22C5 /* ParakeetTranscriber.swift */ = {isa = PBXFileReference; lastKnownFileType = sourcecode.swift; path = ParakeetTranscriber.swift; sourceTree = "<group>"; };
		23F807BFE4141F4EEC2E04A1 /* CalendarSnapshot.swift */ = {isa = PBXFileReference; lastKnownFileType = sourcecode.swift; path = CalendarSnapshot.swift; sourceTree = "<group>"; };
		27D68034B03512AB12A8F253 /* AudioOutputService.swift */ = {isa = PBXFileReference; lastKnownFileType = sourcecode.swift; path = AudioOutputService.swift; sourceTree = "<group>"; };
		286F0633A7BE13DC7A7E3B8C /* NotchViewModel.swift */ = {isa = PBXFileReference; lastKnownFileType = sourcecode.swift; path = NotchViewModel.swift; sourceTree = "<group>"; };
		2947C4AF2C8A01F1D6A355E0 /* TranscriptHygiene.swift */ = {isa = PBXFileReference; lastKnownFileType = sourcecode.swift; path = TranscriptHygiene.swift; sourceTree = "<group>"; };
		2EB9816D2931E8FF58D1B6E8 /* NotchHostingView.swift */ = {isa = PBXFileReference; lastKnownFileType = sourcecode.swift; path = NotchHostingView.swift; sourceTree = "<group>"; };
		2F033CA4C5E864BE6FB31026 /* CalendarExpandedView.swift */ = {isa = PBXFileReference; lastKnownFileType = sourcecode.swift; path = CalendarExpandedView.swift; sourceTree = "<group>"; };
		31FE9EFABAF7A64882FD4ED5 /* WeatherService.swift */ = {isa = PBXFileReference; lastKnownFileType = sourcecode.swift; path = WeatherService.swift; sourceTree = "<group>"; };
		32124AF7D00009638CC6909B /* Notchless.app */ = {isa = PBXFileReference; explicitFileType = wrapper.application; includeInIndex = 0; path = Notchless.app; sourceTree = BUILT_PRODUCTS_DIR; };
		32471DD16AC835C67E00A57B /* DisplayService.swift */ = {isa = PBXFileReference; lastKnownFileType = sourcecode.swift; path = DisplayService.swift; sourceTree = "<group>"; };
		36139405A50DAF64C3F68515 /* HUDController.swift */ = {isa = PBXFileReference; lastKnownFileType = sourcecode.swift; path = HUDController.swift; sourceTree = "<group>"; };
		3B8B146BE74DA2E6A2E8FC72 /* SystemStats.swift */ = {isa = PBXFileReference; lastKnownFileType = sourcecode.swift; path = SystemStats.swift; sourceTree = "<group>"; };
		3D8927724EE3BBFF1AAD6647 /* CorrectionMiner.swift */ = {isa = PBXFileReference; lastKnownFileType = sourcecode.swift; path = CorrectionMiner.swift; sourceTree = "<group>"; };
		4110D43A0E5299DE82CD0C35 /* PowerService.swift */ = {isa = PBXFileReference; lastKnownFileType = sourcecode.swift; path = PowerService.swift; sourceTree = "<group>"; };
		48E573782811B2DD439B0166 /* FileTrayStore.swift */ = {isa = PBXFileReference; lastKnownFileType = sourcecode.swift; path = FileTrayStore.swift; sourceTree = "<group>"; };
		49143FC7028CA29D3CDFEF8B /* LoginItem.swift */ = {isa = PBXFileReference; lastKnownFileType = sourcecode.swift; path = LoginItem.swift; sourceTree = "<group>"; };
		4ABDED6A25067429A472C9E6 /* EffectsController.swift */ = {isa = PBXFileReference; lastKnownFileType = sourcecode.swift; path = EffectsController.swift; sourceTree = "<group>"; };
		4F019F8633E05DF0FC958DE7 /* HapticService.swift */ = {isa = PBXFileReference; lastKnownFileType = sourcecode.swift; path = HapticService.swift; sourceTree = "<group>"; };
		4FDBBDD6E214B7C5F9781A96 /* DictationController.swift */ = {isa = PBXFileReference; lastKnownFileType = sourcecode.swift; path = DictationController.swift; sourceTree = "<group>"; };
		502259DFF8DBF23D721DBAF9 /* AppIcon.icns */ = {isa = PBXFileReference; lastKnownFileType = image.icns; path = AppIcon.icns; sourceTree = "<group>"; };
		5189F71C629EB83F575D98C6 /* IdleCompactView.swift */ = {isa = PBXFileReference; lastKnownFileType = sourcecode.swift; path = IdleCompactView.swift; sourceTree = "<group>"; };
		53F0B09F7F6F4EFA30345E2B /* StyleStore.swift */ = {isa = PBXFileReference; lastKnownFileType = sourcecode.swift; path = StyleStore.swift; sourceTree = "<group>"; };
		57BDE62C222102C328F32CB4 /* PermissionsPane.swift */ = {isa = PBXFileReference; lastKnownFileType = sourcecode.swift; path = PermissionsPane.swift; sourceTree = "<group>"; };
		5ACF761DCA999E2FFDA1503F /* LocalLLMEngine.swift */ = {isa = PBXFileReference; lastKnownFileType = sourcecode.swift; path = LocalLLMEngine.swift; sourceTree = "<group>"; };
		5E3DFBDBD5A3CE7BD0480654 /* DictationSettings.swift */ = {isa = PBXFileReference; lastKnownFileType = sourcecode.swift; path = DictationSettings.swift; sourceTree = "<group>"; };
		668B5520E1FE9DC33332F0C2 /* ColorExtractor.swift */ = {isa = PBXFileReference; lastKnownFileType = sourcecode.swift; path = ColorExtractor.swift; sourceTree = "<group>"; };
		69FDFDF0B69DFBD7FACAF09B /* NotchMouseTracker.swift */ = {isa = PBXFileReference; lastKnownFileType = sourcecode.swift; path = NotchMouseTracker.swift; sourceTree = "<group>"; };
		6E83C2F46A0365544CCEB62D /* AboutPane.swift */ = {isa = PBXFileReference; lastKnownFileType = sourcecode.swift; path = AboutPane.swift; sourceTree = "<group>"; };
		6F2C0E36633C2C8884414928 /* DictationHistory.swift */ = {isa = PBXFileReference; lastKnownFileType = sourcecode.swift; path = DictationHistory.swift; sourceTree = "<group>"; };
		7409DA42DF89959B7CA49EF4 /* AppTheme.swift */ = {isa = PBXFileReference; lastKnownFileType = sourcecode.swift; path = AppTheme.swift; sourceTree = "<group>"; };
		7436C1E71C7C818FEBB90CF8 /* CalendarController.swift */ = {isa = PBXFileReference; lastKnownFileType = sourcecode.swift; path = CalendarController.swift; sourceTree = "<group>"; };
		78BCEBB323CDAD6A811E8554 /* SettingsView.swift */ = {isa = PBXFileReference; lastKnownFileType = sourcecode.swift; path = SettingsView.swift; sourceTree = "<group>"; };
		7C538E54FF02A2F6DE45489A /* AudioService.swift */ = {isa = PBXFileReference; lastKnownFileType = sourcecode.swift; path = AudioService.swift; sourceTree = "<group>"; };
		8612F3D7D4F7BD6C51E6033C /* SettingsStore.swift */ = {isa = PBXFileReference; lastKnownFileType = sourcecode.swift; path = SettingsStore.swift; sourceTree = "<group>"; };
		86378CA9D2E1F2ACF1CF6E26 /* DictationSnippets.swift */ = {isa = PBXFileReference; lastKnownFileType = sourcecode.swift; path = DictationSnippets.swift; sourceTree = "<group>"; };
		88577E13DD2CD2DAE7AD8F30 /* ProgressiveBlur.swift */ = {isa = PBXFileReference; lastKnownFileType = sourcecode.swift; path = ProgressiveBlur.swift; sourceTree = "<group>"; };
		8890A325BFB95C7D5EBB013A /* DictationDictionary.swift */ = {isa = PBXFileReference; lastKnownFileType = sourcecode.swift; path = DictationDictionary.swift; sourceTree = "<group>"; };
		88A003741FACD62A63A8BADB /* DictationTranscriber.swift */ = {isa = PBXFileReference; lastKnownFileType = sourcecode.swift; path = DictationTranscriber.swift; sourceTree = "<group>"; };
		8A97033A82195EFA72F28A1F /* CalendarService.swift */ = {isa = PBXFileReference; lastKnownFileType = sourcecode.swift; path = CalendarService.swift; sourceTree = "<group>"; };
		8E0748A812F9F42C421EF0CA /* DictationView.swift */ = {isa = PBXFileReference; lastKnownFileType = sourcecode.swift; path = DictationView.swift; sourceTree = "<group>"; };
		8FFB73DAD95884D3AF747F72 /* DictationHotkey.swift */ = {isa = PBXFileReference; lastKnownFileType = sourcecode.swift; path = DictationHotkey.swift; sourceTree = "<group>"; };
		917DCFC4978B80FC1CFE4028 /* VisualizerBars.swift */ = {isa = PBXFileReference; lastKnownFileType = sourcecode.swift; path = VisualizerBars.swift; sourceTree = "<group>"; };
		92DA3597A1503D887F3BBC8F /* PermissionRequester.swift */ = {isa = PBXFileReference; lastKnownFileType = sourcecode.swift; path = PermissionRequester.swift; sourceTree = "<group>"; };
		9790DBB08FBDC02856AF160E /* Keychain.swift */ = {isa = PBXFileReference; lastKnownFileType = sourcecode.swift; path = Keychain.swift; sourceTree = "<group>"; };
		9A1B55F8B1EA568166FE2A99 /* OnboardingStep.swift */ = {isa = PBXFileReference; lastKnownFileType = sourcecode.swift; path = OnboardingStep.swift; sourceTree = "<group>"; };
		9B6BBAD773824BF21BB4ADD6 /* DictationOutputRouter.swift */ = {isa = PBXFileReference; lastKnownFileType = sourcecode.swift; path = DictationOutputRouter.swift; sourceTree = "<group>"; };
		9BF82551C4728C8BB952619D /* DuoExpandedView.swift */ = {isa = PBXFileReference; lastKnownFileType = sourcecode.swift; path = DuoExpandedView.swift; sourceTree = "<group>"; };
		9C4C2AD2CB14ABD4BAA3B3CB /* PermissionsModel.swift */ = {isa = PBXFileReference; lastKnownFileType = sourcecode.swift; path = PermissionsModel.swift; sourceTree = "<group>"; };
		9CB6CF685F8336B22B5518E4 /* TranscriptCleaner.swift */ = {isa = PBXFileReference; lastKnownFileType = sourcecode.swift; path = TranscriptCleaner.swift; sourceTree = "<group>"; };
		9DF30250EEC9B100BCF2CEA2 /* BuiltinTransforms.swift */ = {isa = PBXFileReference; lastKnownFileType = sourcecode.swift; path = BuiltinTransforms.swift; sourceTree = "<group>"; };
		9EFACF17C1DB906E087EF580 /* Adapter */ = {isa = PBXFileReference; lastKnownFileType = folder; name = Adapter; path = Resources/Adapter; sourceTree = SOURCE_ROOT; };
		A50E5AE6B902488140207BE5 /* TextPolish.swift */ = {isa = PBXFileReference; lastKnownFileType = sourcecode.swift; path = TextPolish.swift; sourceTree = "<group>"; };
		A7D9737225F607B50F06D595 /* CleanupGate.swift */ = {isa = PBXFileReference; lastKnownFileType = sourcecode.swift; path = CleanupGate.swift; sourceTree = "<group>"; };
		A9376414265497D8D44092C2 /* SpokenCommands.swift */ = {isa = PBXFileReference; lastKnownFileType = sourcecode.swift; path = SpokenCommands.swift; sourceTree = "<group>"; };
		AA3E4C17DE831C5A052EAC0C /* Uninstaller.swift */ = {isa = PBXFileReference; lastKnownFileType = sourcecode.swift; path = Uninstaller.swift; sourceTree = "<group>"; };
		ABA2ED9B29203616F7768230 /* SpectrumAnalyzer.swift */ = {isa = PBXFileReference; lastKnownFileType = sourcecode.swift; path = SpectrumAnalyzer.swift; sourceTree = "<group>"; };
		AC5DC4308AB30C81490BB451 /* NowPlayingExpandedView.swift */ = {isa = PBXFileReference; lastKnownFileType = sourcecode.swift; path = NowPlayingExpandedView.swift; sourceTree = "<group>"; };
		AF42958151A8DABE21AEBCD9 /* StatsController.swift */ = {isa = PBXFileReference; lastKnownFileType = sourcecode.swift; path = StatsController.swift; sourceTree = "<group>"; };
		B0A39DBA12D85AB052A38D94 /* MediaController.swift */ = {isa = PBXFileReference; lastKnownFileType = sourcecode.swift; path = MediaController.swift; sourceTree = "<group>"; };
		B5AE8532315C968275964F0D /* HistoryCipher.swift */ = {isa = PBXFileReference; lastKnownFileType = sourcecode.swift; path = HistoryCipher.swift; sourceTree = "<group>"; };
		B981ADF62D0E9492C32F5889 /* NotchShape.swift */ = {isa = PBXFileReference; lastKnownFileType = sourcecode.swift; path = NotchShape.swift; sourceTree = "<group>"; };
		B9DADDD961F4A1E39AB7B936 /* BluetoothService.swift */ = {isa = PBXFileReference; lastKnownFileType = sourcecode.swift; path = BluetoothService.swift; sourceTree = "<group>"; };
		BB0E639D039BCAD8A483DA77 /* BatteryInfo.swift */ = {isa = PBXFileReference; lastKnownFileType = sourcecode.swift; path = BatteryInfo.swift; sourceTree = "<group>"; };
		BB7D0ED643A7581A1B38DDAF /* DebugRender.swift */ = {isa = PBXFileReference; lastKnownFileType = sourcecode.swift; path = DebugRender.swift; sourceTree = "<group>"; };
		BBCA187A53D74C7DF87831CC /* ParakeetEngine.swift */ = {isa = PBXFileReference; lastKnownFileType = sourcecode.swift; path = ParakeetEngine.swift; sourceTree = "<group>"; };
		BF84E32EAF33037E27A1924A /* LiquidGlass.swift */ = {isa = PBXFileReference; lastKnownFileType = sourcecode.swift; path = LiquidGlass.swift; sourceTree = "<group>"; };
		C08D02C3963195376B0C2EBB /* BatteryController.swift */ = {isa = PBXFileReference; lastKnownFileType = sourcecode.swift; path = BatteryController.swift; sourceTree = "<group>"; };
		C23798CAD00021C31D06C419 /* MediaRemoteBridge.swift */ = {isa = PBXFileReference; lastKnownFileType = sourcecode.swift; path = MediaRemoteBridge.swift; sourceTree = "<group>"; };
		C40AF2391776BBCC4E091A2E /* AdapterNowPlayingProvider.swift */ = {isa = PBXFileReference; lastKnownFileType = sourcecode.swift; path = AdapterNowPlayingProvider.swift; sourceTree = "<group>"; };
		C644C5BAAD160A9D15B01F3A /* FileTrayView.swift */ = {isa = PBXFileReference; lastKnownFileType = sourcecode.swift; path = FileTrayView.swift; sourceTree = "<group>"; };
		C77F601FB57BCBD1522886DE /* StatsExpandedView.swift */ = {isa = PBXFileReference; lastKnownFileType = sourcecode.swift; path = StatsExpandedView.swift; sourceTree = "<group>"; };
		CDC397D6C160FFC91B2F0170 /* CameraSession.swift */ = {isa = PBXFileReference; lastKnownFileType = sourcecode.swift; path = CameraSession.swift; sourceTree = "<group>"; };
		CDD02EC3DED0756D03D86582 /* NotchGeometry.swift */ = {isa = PBXFileReference; lastKnownFileType = sourcecode.swift; path = NotchGeometry.swift; sourceTree = "<group>"; };
		CE525E793DDE3B7457DDD256 /* DictationPane.swift */ = {isa = PBXFileReference; lastKnownFileType = sourcecode.swift; path = DictationPane.swift; sourceTree = "<group>"; };
		D317627CFB43D0BC2AD3B346 /* HUDView.swift */ = {isa = PBXFileReference; lastKnownFileType = sourcecode.swift; path = HUDView.swift; sourceTree = "<group>"; };
		D46C86B09DA7A425C195845C /* MediaKeyTap.swift */ = {isa = PBXFileReference; lastKnownFileType = sourcecode.swift; path = MediaKeyTap.swift; sourceTree = "<group>"; };
		D54CFEB740F3CC1FE3E5BF30 /* OnboardingWindowController.swift */ = {isa = PBXFileReference; lastKnownFileType = sourcecode.swift; path = OnboardingWindowController.swift; sourceTree = "<group>"; };
		D9DBEFD958A6F2DC1B51F3CE /* ClaudeAPIClient.swift */ = {isa = PBXFileReference; lastKnownFileType = sourcecode.swift; path = ClaudeAPIClient.swift; sourceTree = "<group>"; };
		DEB62E0243F69E04077655E7 /* DictationPhase.swift */ = {isa = PBXFileReference; lastKnownFileType = sourcecode.swift; path = DictationPhase.swift; sourceTree = "<group>"; };
		E1CF41BD0F0A551BFA2E6FE3 /* SystemAudioTap.swift */ = {isa = PBXFileReference; lastKnownFileType = sourcecode.swift; path = SystemAudioTap.swift; sourceTree = "<group>"; };
		E27C8C2FB9CEA532C502AF7E /* MonthGrid.swift */ = {isa = PBXFileReference; lastKnownFileType = sourcecode.swift; path = MonthGrid.swift; sourceTree = "<group>"; };
		E29A8D6C6C6B9D21FFB41843 /* NotificationsController.swift */ = {isa = PBXFileReference; lastKnownFileType = sourcecode.swift; path = NotificationsController.swift; sourceTree = "<group>"; };
		E6C656CD084D52CB3E45C0B9 /* BatteryExpandedView.swift */ = {isa = PBXFileReference; lastKnownFileType = sourcecode.swift; path = BatteryExpandedView.swift; sourceTree = "<group>"; };
		E98779ED36B57471977EF2DE /* OSDSuppressor.swift */ = {isa = PBXFileReference; lastKnownFileType = sourcecode.swift; path = OSDSuppressor.swift; sourceTree = "<group>"; };
		EE7C371A4406389B266AA7E2 /* GeneralPane.swift */ = {isa = PBXFileReference; lastKnownFileType = sourcecode.swift; path = GeneralPane.swift; sourceTree = "<group>"; };
		F3A45D9D9BB21BF583940877 /* AppDelegate.swift */ = {isa = PBXFileReference; lastKnownFileType = sourcecode.swift; path = AppDelegate.swift; sourceTree = "<group>"; };
		F7BCB0085DDCAFEBADD7B266 /* NotificationView.swift */ = {isa = PBXFileReference; lastKnownFileType = sourcecode.swift; path = NotificationView.swift; sourceTree = "<group>"; };
		F90F95E41E2E1BBC18897287 /* NotchRootView.swift */ = {isa = PBXFileReference; lastKnownFileType = sourcecode.swift; path = NotchRootView.swift; sourceTree = "<group>"; };
		FCAD4D4508381A1837D0D5D9 /* FocusService.swift */ = {isa = PBXFileReference; lastKnownFileType = sourcecode.swift; path = FocusService.swift; sourceTree = "<group>"; };
		FF1CF8B6D5BC5B91583D9D2E /* SpeechTranscriber.swift */ = {isa = PBXFileReference; lastKnownFileType = sourcecode.swift; path = SpeechTranscriber.swift; sourceTree = "<group>"; };
/* End PBXFileReference section */

/* Begin PBXFrameworksBuildPhase section */
		A5DD439B2EA7D1CA9AE69776 /* Frameworks */ = {
			isa = PBXFrameworksBuildPhase;
			buildActionMask = 2147483647;
			files = (
				2F7EF27C2A809D3F090AE0C9 /* FluidAudio in Frameworks */,
				72DEE317B05A1C697A6E5FEC /* LLM in Frameworks */,
			);
			runOnlyForDeploymentPostprocessing = 0;
		};
/* End PBXFrameworksBuildPhase section */

/* Begin PBXGroup section */
		0811ACEBCCA464B3FABD50B5 /* Settings */ = {
			isa = PBXGroup;
			children = (
				6E83C2F46A0365544CCEB62D /* AboutPane.swift */,
				7409DA42DF89959B7CA49EF4 /* AppTheme.swift */,
				CE525E793DDE3B7457DDD256 /* DictationPane.swift */,
				EE7C371A4406389B266AA7E2 /* GeneralPane.swift */,
				9C4C2AD2CB14ABD4BAA3B3CB /* PermissionsModel.swift */,
				57BDE62C222102C328F32CB4 /* PermissionsPane.swift */,
				78BCEBB323CDAD6A811E8554 /* SettingsView.swift */,
				10D91036C934CFFB57C55D5E /* SettingsWindowController.swift */,
			);
			path = Settings;
			sourceTree = "<group>";
		};
		0812D72461B1377C8D70DA5E /* Components */ = {
			isa = PBXGroup;
			children = (
				BF84E32EAF33037E27A1924A /* LiquidGlass.swift */,
				151C8E7AD60BAECB8D6E7140 /* MarqueeText.swift */,
				E27C8C2FB9CEA532C502AF7E /* MonthGrid.swift */,
				88577E13DD2CD2DAE7AD8F30 /* ProgressiveBlur.swift */,
				917DCFC4978B80FC1CFE4028 /* VisualizerBars.swift */,
			);
			path = Components;
			sourceTree = "<group>";
		};
		1D38AACD20D2280A46AC7BA0 /* App */ = {
			isa = PBXGroup;
			children = (
				F3A45D9D9BB21BF583940877 /* AppDelegate.swift */,
				BB7D0ED643A7581A1B38DDAF /* DebugRender.swift */,
				00CFE1E4F2676C86CECCB7EE /* NotchlessApp.swift */,
			);
			path = App;
			sourceTree = "<group>";
		};
		2F2F3CC58070A1A42B7A9231 /* NowPlaying */ = {
			isa = PBXGroup;
			children = (
				C40AF2391776BBCC4E091A2E /* AdapterNowPlayingProvider.swift */,
				668B5520E1FE9DC33332F0C2 /* ColorExtractor.swift */,
				B0A39DBA12D85AB052A38D94 /* MediaController.swift */,
				C23798CAD00021C31D06C419 /* MediaRemoteBridge.swift */,
				069DD84D7362D2E99FC1974D /* MediaRemoteProvider.swift */,
				0792D249EAFCEC1EEF403D61 /* NowPlayingInfo.swift */,
				E1CF41BD0F0A551BFA2E6FE3 /* SystemAudioTap.swift */,
			);
			path = NowPlaying;
			sourceTree = "<group>";
		};
		396FB14F4055671AE45E0BC7 /* Bluetooth */ = {
			isa = PBXGroup;
			children = (
				B9DADDD961F4A1E39AB7B936 /* BluetoothService.swift */,
			);
			path = Bluetooth;
			sourceTree = "<group>";
		};
		3B58144850D529E5F6253FA5 /* NotchUI */ = {
			isa = PBXGroup;
			children = (
				0812D72461B1377C8D70DA5E /* Components */,
				8539A268C47C7F1580ABE2A1 /* States */,
				F90F95E41E2E1BBC18897287 /* NotchRootView.swift */,
				B981ADF62D0E9492C32F5889 /* NotchShape.swift */,
				18B63A9BE0757848CDAE7E12 /* NotchSizing.swift */,
			);
			path = NotchUI;
			sourceTree = "<group>";
		};
		513E8AABA19AEC8EE4DC689D /* NotchWindow */ = {
			isa = PBXGroup;
			children = (
				CDD02EC3DED0756D03D86582 /* NotchGeometry.swift */,
				2EB9816D2931E8FF58D1B6E8 /* NotchHostingView.swift */,
				69FDFDF0B69DFBD7FACAF09B /* NotchMouseTracker.swift */,
				17D48F00CAEB14383F7588BF /* NotchPanel.swift */,
			);
			path = NotchWindow;
			sourceTree = "<group>";
		};
		5CDDFE936712696CF23BA205 /* Brightness */ = {
			isa = PBXGroup;
			children = (
				32471DD16AC835C67E00A57B /* DisplayService.swift */,
				D46C86B09DA7A425C195845C /* MediaKeyTap.swift */,
			);
			path = Brightness;
			sourceTree = "<group>";
		};
		5D5A5F9073C8DB2BBDD285F1 /* Services */ = {
			isa = PBXGroup;
			children = (
				D5DAD3EDAA13719B6BB0B58B /* Audio */,
				DE00EC9EED81713F18AB97F7 /* Battery */,
				396FB14F4055671AE45E0BC7 /* Bluetooth */,
				5CDDFE936712696CF23BA205 /* Brightness */,
				CBAABD5BB7FECE92A731638E /* Calendar */,
				EF1F1DB89E808C8888725AFB /* Camera */,
				D6D56621ABB4867F8B1E7B79 /* Dictation */,
				966EE50E9A92880E74C4A510 /* Focus */,
				F41C21119427E2FA50029398 /* HUD */,
				2F2F3CC58070A1A42B7A9231 /* NowPlaying */,
				ECD0926BBFB1CF701F381A71 /* Power */,
				C638B34D08B67E20D52871B7 /* Stats */,
				7F990C62BEA9354F98156C14 /* System */,
				A50E9CA1441588381C16108E /* Weather */,
				E29A8D6C6C6B9D21FFB41843 /* NotificationsController.swift */,
			);
			path = Services;
			sourceTree = "<group>";
		};
		7F990C62BEA9354F98156C14 /* System */ = {
			isa = PBXGroup;
			children = (
				4ABDED6A25067429A472C9E6 /* EffectsController.swift */,
				4F019F8633E05DF0FC958DE7 /* HapticService.swift */,
				49143FC7028CA29D3CDFEF8B /* LoginItem.swift */,
			);
			path = System;
			sourceTree = "<group>";
		};
		8539A268C47C7F1580ABE2A1 /* States */ = {
			isa = PBXGroup;
			children = (
				E6C656CD084D52CB3E45C0B9 /* BatteryExpandedView.swift */,
				2F033CA4C5E864BE6FB31026 /* CalendarExpandedView.swift */,
				8E0748A812F9F42C421EF0CA /* DictationView.swift */,
				9BF82551C4728C8BB952619D /* DuoExpandedView.swift */,
				C644C5BAAD160A9D15B01F3A /* FileTrayView.swift */,
				D317627CFB43D0BC2AD3B346 /* HUDView.swift */,
				5189F71C629EB83F575D98C6 /* IdleCompactView.swift */,
				14464252ABBBB88578C82163 /* MirrorView.swift */,
				F7BCB0085DDCAFEBADD7B266 /* NotificationView.swift */,
				AC5DC4308AB30C81490BB451 /* NowPlayingExpandedView.swift */,
				C77F601FB57BCBD1522886DE /* StatsExpandedView.swift */,
			);
			path = States;
			sourceTree = "<group>";
		};
		904626937C02FFC384F166E9 = {
			isa = PBXGroup;
			children = (
				CBAAF3551951A63DE7C011A5 /* Resources */,
				CC67FD4D8F51EA82A8189F9F /* Sources */,
				F7FC90E4F66DAAE0DB7DAC51 /* Products */,
			);
			sourceTree = "<group>";
		};
		966EE50E9A92880E74C4A510 /* Focus */ = {
			isa = PBXGroup;
			children = (
				FCAD4D4508381A1837D0D5D9 /* FocusService.swift */,
			);
			path = Focus;
			sourceTree = "<group>";
		};
		992678313F49E49566764F08 /* State */ = {
			isa = PBXGroup;
			children = (
				DEB62E0243F69E04077655E7 /* DictationPhase.swift */,
				48E573782811B2DD439B0166 /* FileTrayStore.swift */,
				03D9C44D2BCBC2D409E025B9 /* NotchState.swift */,
				286F0633A7BE13DC7A7E3B8C /* NotchViewModel.swift */,
				8612F3D7D4F7BD6C51E6033C /* SettingsStore.swift */,
			);
			path = State;
			sourceTree = "<group>";
		};
		A50E9CA1441588381C16108E /* Weather */ = {
			isa = PBXGroup;
			children = (
				31FE9EFABAF7A64882FD4ED5 /* WeatherService.swift */,
			);
			path = Weather;
			sourceTree = "<group>";
		};
		AF6FDB21F5FFF4BA18B5C24A /* Onboarding */ = {
			isa = PBXGroup;
			children = (
				9A1B55F8B1EA568166FE2A99 /* OnboardingStep.swift */,
				169D3F0F0EAD0DC89BBF9787 /* OnboardingView.swift */,
				D54CFEB740F3CC1FE3E5BF30 /* OnboardingWindowController.swift */,
				92DA3597A1503D887F3BBC8F /* PermissionRequester.swift */,
			);
			path = Onboarding;
			sourceTree = "<group>";
		};
		C638B34D08B67E20D52871B7 /* Stats */ = {
			isa = PBXGroup;
			children = (
				AF42958151A8DABE21AEBCD9 /* StatsController.swift */,
				3B8B146BE74DA2E6A2E8FC72 /* SystemStats.swift */,
			);
			path = Stats;
			sourceTree = "<group>";
		};
		CBAABD5BB7FECE92A731638E /* Calendar */ = {
			isa = PBXGroup;
			children = (
				7436C1E71C7C818FEBB90CF8 /* CalendarController.swift */,
				8A97033A82195EFA72F28A1F /* CalendarService.swift */,
				23F807BFE4141F4EEC2E04A1 /* CalendarSnapshot.swift */,
			);
			path = Calendar;
			sourceTree = "<group>";
		};
		CBAAF3551951A63DE7C011A5 /* Resources */ = {
			isa = PBXGroup;
			children = (
				9EFACF17C1DB906E087EF580 /* Adapter */,
				502259DFF8DBF23D721DBAF9 /* AppIcon.icns */,
			);
			path = Resources;
			sourceTree = "<group>";
		};
		CC67FD4D8F51EA82A8189F9F /* Sources */ = {
			isa = PBXGroup;
			children = (
				1D38AACD20D2280A46AC7BA0 /* App */,
				3B58144850D529E5F6253FA5 /* NotchUI */,
				513E8AABA19AEC8EE4DC689D /* NotchWindow */,
				AF6FDB21F5FFF4BA18B5C24A /* Onboarding */,
				5D5A5F9073C8DB2BBDD285F1 /* Services */,
				0811ACEBCCA464B3FABD50B5 /* Settings */,
				992678313F49E49566764F08 /* State */,
			);
			path = Sources;
			sourceTree = "<group>";
		};
		D5DAD3EDAA13719B6BB0B58B /* Audio */ = {
			isa = PBXGroup;
			children = (
				27D68034B03512AB12A8F253 /* AudioOutputService.swift */,
				7C538E54FF02A2F6DE45489A /* AudioService.swift */,
			);
			path = Audio;
			sourceTree = "<group>";
		};
		D6D56621ABB4867F8B1E7B79 /* Dictation */ = {
			isa = PBXGroup;
			children = (
				1E131F1640F333CA31A1B9B4 /* AppContext.swift */,
				9DF30250EEC9B100BCF2CEA2 /* BuiltinTransforms.swift */,
				D9DBEFD958A6F2DC1B51F3CE /* ClaudeAPIClient.swift */,
				A7D9737225F607B50F06D595 /* CleanupGate.swift */,
				3D8927724EE3BBFF1AAD6647 /* CorrectionMiner.swift */,
				4FDBBDD6E214B7C5F9781A96 /* DictationController.swift */,
				8890A325BFB95C7D5EBB013A /* DictationDictionary.swift */,
				6F2C0E36633C2C8884414928 /* DictationHistory.swift */,
				8FFB73DAD95884D3AF747F72 /* DictationHotkey.swift */,
				130984CBABB46A8EA33C8934 /* DictationLog.swift */,
				9B6BBAD773824BF21BB4ADD6 /* DictationOutputRouter.swift */,
				5E3DFBDBD5A3CE7BD0480654 /* DictationSettings.swift */,
				86378CA9D2E1F2ACF1CF6E26 /* DictationSnippets.swift */,
				88A003741FACD62A63A8BADB /* DictationTranscriber.swift */,
				B5AE8532315C968275964F0D /* HistoryCipher.swift */,
				9790DBB08FBDC02856AF160E /* Keychain.swift */,
				1407D22EF1BD7E525E7BDD3A /* LLMModelStore.swift */,
				5ACF761DCA999E2FFDA1503F /* LocalLLMEngine.swift */,
				BBCA187A53D74C7DF87831CC /* ParakeetEngine.swift */,
				1F928F38E2267C704D0A22C5 /* ParakeetTranscriber.swift */,
				0D64FA4B151E20A53E5F8214 /* Paster.swift */,
				15FC7A9F3CD3E2E4CD05A5D6 /* SoundCue.swift */,
				ABA2ED9B29203616F7768230 /* SpectrumAnalyzer.swift */,
				FF1CF8B6D5BC5B91583D9D2E /* SpeechTranscriber.swift */,
				A9376414265497D8D44092C2 /* SpokenCommands.swift */,
				53F0B09F7F6F4EFA30345E2B /* StyleStore.swift */,
				A50E5AE6B902488140207BE5 /* TextPolish.swift */,
				9CB6CF685F8336B22B5518E4 /* TranscriptCleaner.swift */,
				2947C4AF2C8A01F1D6A355E0 /* TranscriptHygiene.swift */,
				AA3E4C17DE831C5A052EAC0C /* Uninstaller.swift */,
			);
			path = Dictation;
			sourceTree = "<group>";
		};
		DE00EC9EED81713F18AB97F7 /* Battery */ = {
			isa = PBXGroup;
			children = (
				C08D02C3963195376B0C2EBB /* BatteryController.swift */,
				BB0E639D039BCAD8A483DA77 /* BatteryInfo.swift */,
			);
			path = Battery;
			sourceTree = "<group>";
		};
		ECD0926BBFB1CF701F381A71 /* Power */ = {
			isa = PBXGroup;
			children = (
				4110D43A0E5299DE82CD0C35 /* PowerService.swift */,
			);
			path = Power;
			sourceTree = "<group>";
		};
		EF1F1DB89E808C8888725AFB /* Camera */ = {
			isa = PBXGroup;
			children = (
				CDC397D6C160FFC91B2F0170 /* CameraSession.swift */,
			);
			path = Camera;
			sourceTree = "<group>";
		};
		F41C21119427E2FA50029398 /* HUD */ = {
			isa = PBXGroup;
			children = (
				36139405A50DAF64C3F68515 /* HUDController.swift */,
				E98779ED36B57471977EF2DE /* OSDSuppressor.swift */,
			);
			path = HUD;
			sourceTree = "<group>";
		};
		F7FC90E4F66DAAE0DB7DAC51 /* Products */ = {
			isa = PBXGroup;
			children = (
				32124AF7D00009638CC6909B /* Notchless.app */,
			);
			name = Products;
			sourceTree = "<group>";
		};
/* End PBXGroup section */

/* Begin PBXNativeTarget section */
		997F41A37FEC39DA1B7DC3DD /* Notchless */ = {
			isa = PBXNativeTarget;
			buildConfigurationList = 34834583B775BFF295289FD8 /* Build configuration list for PBXNativeTarget "Notchless" */;
			buildPhases = (
				83DA0496306E548E2E258C27 /* Sources */,
				0624C30F59F6BC07913E6F91 /* Resources */,
				A5DD439B2EA7D1CA9AE69776 /* Frameworks */,
			);
			buildRules = (
			);
			dependencies = (
			);
			name = Notchless;
			packageProductDependencies = (
				FED496F03943988A5661F68C /* FluidAudio */,
				E306D38308F488634521A017 /* LLM */,
			);
			productName = Notchless;
			productReference = 32124AF7D00009638CC6909B /* Notchless.app */;
			productType = "com.apple.product-type.application";
		};
/* End PBXNativeTarget section */

/* Begin PBXProject section */
		08891B146850EC86CF9FCC47 /* Project object */ = {
			isa = PBXProject;
			attributes = {
				BuildIndependentTargetsInParallel = YES;
				LastUpgradeCheck = 1430;
				TargetAttributes = {
					997F41A37FEC39DA1B7DC3DD = {
						ProvisioningStyle = Automatic;
					};
				};
			};
			buildConfigurationList = F99D7D3616A5B04EF1C9B748 /* Build configuration list for PBXProject "Notchless" */;
			developmentRegion = en;
			hasScannedForEncodings = 0;
			knownRegions = (
				Base,
				en,
			);
			mainGroup = 904626937C02FFC384F166E9;
			minimizedProjectReferenceProxies = 1;
			packageReferences = (
				4B2257032D0FC4DB9E82D138 /* XCRemoteSwiftPackageReference "FluidAudio" */,
				B669E106D273B3E0137B5A00 /* XCRemoteSwiftPackageReference "LLM.swift" */,
			);
			preferredProjectObjectVersion = 77;
			productRefGroup = F7FC90E4F66DAAE0DB7DAC51 /* Products */;
			projectDirPath = "";
			projectRoot = "";
			targets = (
				997F41A37FEC39DA1B7DC3DD /* Notchless */,
			);
		};
/* End PBXProject section */

/* Begin PBXResourcesBuildPhase section */
		0624C30F59F6BC07913E6F91 /* Resources */ = {
			isa = PBXResourcesBuildPhase;
			buildActionMask = 2147483647;
			files = (
				82C9769F1C3BA6D8F785F14D /* Adapter in Resources */,
				6BA59A063E37B6C9B640B33E /* AppIcon.icns in Resources */,
			);
			runOnlyForDeploymentPostprocessing = 0;
		};
/* End PBXResourcesBuildPhase section */

/* Begin PBXSourcesBuildPhase section */
		83DA0496306E548E2E258C27 /* Sources */ = {
			isa = PBXSourcesBuildPhase;
			buildActionMask = 2147483647;
			files = (
				DB850608FD57B3655D72CDAD /* AboutPane.swift in Sources */,
				D0FFB21CF40997501AE4B337 /* AdapterNowPlayingProvider.swift in Sources */,
				BEE1B804D7875AF94FD95D60 /* AppContext.swift in Sources */,
				D25DBDC55FD00E127EA7E480 /* AppDelegate.swift in Sources */,
				CF1849A63606DC2CDD335AC6 /* AppTheme.swift in Sources */,
				D796BED27ED47C828BD3A16B /* AudioOutputService.swift in Sources */,
				920804F844DDE74B24333D9E /* AudioService.swift in Sources */,
				366F80BBEAD17958640B199D /* BatteryController.swift in Sources */,
				691DE15FF9F175D840816BE9 /* BatteryExpandedView.swift in Sources */,
				28FDD79316AF13EEFAA4FB9C /* BatteryInfo.swift in Sources */,
				F14D81FF71DAC194762E6FF0 /* BluetoothService.swift in Sources */,
				FACCDF8CD83FD1FAC4CF9726 /* BuiltinTransforms.swift in Sources */,
				EFB78AA22EB956491E9E0FD2 /* CalendarController.swift in Sources */,
				13A14B5DC2D7B723AB88D9C2 /* CalendarExpandedView.swift in Sources */,
				A6C703DC0B5AB321F8142904 /* CalendarService.swift in Sources */,
				363DEC8533B71DB483C37AE2 /* CalendarSnapshot.swift in Sources */,
				A255E19EC1757AA78FAC8CE0 /* CameraSession.swift in Sources */,
				F38318C30E19B3B195254FC3 /* ClaudeAPIClient.swift in Sources */,
				F5BD047F0397AC7FA41653B6 /* CleanupGate.swift in Sources */,
				0F3843A5336852BB88FE143D /* ColorExtractor.swift in Sources */,
				A6C7EA405EB343EF243EBF57 /* CorrectionMiner.swift in Sources */,
				BDBAE5608769B6C96CFF5749 /* DebugRender.swift in Sources */,
				C21A8BA5FF3F3B4A81A917B2 /* DictationController.swift in Sources */,
				AFA6D894EB27F9923358892D /* DictationDictionary.swift in Sources */,
				FF7C7D7592B3270397A42CA1 /* DictationHistory.swift in Sources */,
				3203400C2B08EEE623AF2642 /* DictationHotkey.swift in Sources */,
				11FF76F5A8103AFAA7892430 /* DictationLog.swift in Sources */,
				975FEFDDA78899DFEC47CE02 /* DictationOutputRouter.swift in Sources */,
				7BE3B919A50B22D15AA965F9 /* DictationPane.swift in Sources */,
				210550D839B4DEE15F29E6FF /* DictationPhase.swift in Sources */,
				145A01A53ACDD7D6FECD8CED /* DictationSettings.swift in Sources */,
				BA340133076C4E8CDDCA18A5 /* DictationSnippets.swift in Sources */,
				22BEC9D31B37808F61204B7F /* DictationTranscriber.swift in Sources */,
				95802ABDB68ED906D04B7047 /* DictationView.swift in Sources */,
				CBF1053AB04D719A33C9D0DD /* DisplayService.swift in Sources */,
				09238B763606DC8B03079D11 /* DuoExpandedView.swift in Sources */,
				C501A3E1C28009667BFBBB8B /* EffectsController.swift in Sources */,
				C185C3B31042D20293529F25 /* FileTrayStore.swift in Sources */,
				70A88A0FFD040CA1FB786E34 /* FileTrayView.swift in Sources */,
				FBA068FD6CD736D9363A94A6 /* FocusService.swift in Sources */,
				54BE67E3DF480053519E1996 /* GeneralPane.swift in Sources */,
				A45798FB77A2E72B4A146CBC /* HUDController.swift in Sources */,
				C0DC34CA2DC352BA548174B0 /* HUDView.swift in Sources */,
				C1F5194530259C2BB34DCB49 /* HapticService.swift in Sources */,
				1EDF795FC341042929C62D62 /* HistoryCipher.swift in Sources */,
				A18F956E8D227E52D0BCC84D /* IdleCompactView.swift in Sources */,
				41353545E0AC114388EC3AD4 /* Keychain.swift in Sources */,
				02136F25211397AFCB03D436 /* LLMModelStore.swift in Sources */,
				19618E784C110C715811BBB6 /* LiquidGlass.swift in Sources */,
				80A4687395BA0CBA2D28F23D /* LocalLLMEngine.swift in Sources */,
				BA8A28CB1698DE3063B9BA0F /* LoginItem.swift in Sources */,
				A96837C303AAD0EDAAD55B6C /* MarqueeText.swift in Sources */,
				FF3ABAFCE31E45113F6479AA /* MediaController.swift in Sources */,
				57C451CB77724BFC8C0A47F3 /* MediaKeyTap.swift in Sources */,
				CAD71856E5EF512924B56451 /* MediaRemoteBridge.swift in Sources */,
				344F79ACA38A91C56DF3AB38 /* MediaRemoteProvider.swift in Sources */,
				5814005032654FD0891558A7 /* MirrorView.swift in Sources */,
				29591514593BEC3CA130C411 /* MonthGrid.swift in Sources */,
				5EFBF404F651C37E94C68F53 /* NotchGeometry.swift in Sources */,
				645101E6DBF58D1CCEB31F8A /* NotchHostingView.swift in Sources */,
				ABEE83840B0CE61706AF8C1F /* NotchMouseTracker.swift in Sources */,
				B4C89090D50D4A1428FB749E /* NotchPanel.swift in Sources */,
				74BCDFEFB26C88D0C152E17B /* NotchRootView.swift in Sources */,
				EA44623562604134EA00B633 /* NotchShape.swift in Sources */,
				FE2C848DA16FC60DBC21C055 /* NotchSizing.swift in Sources */,
				CCCF4DEB2080E98195343ADD /* NotchState.swift in Sources */,
				8C8D761713B34CA8A4E29E0F /* NotchViewModel.swift in Sources */,
				01F34F9436297606B950030C /* NotchlessApp.swift in Sources */,
				2EFF1A4D493ABA3EA02ADB80 /* NotificationView.swift in Sources */,
				ECDD69D6D8A7E205726DBF9A /* NotificationsController.swift in Sources */,
				27171402888E732A82628AE1 /* NowPlayingExpandedView.swift in Sources */,
				742A0CDFB94FCFB8F30B5FDC /* NowPlayingInfo.swift in Sources */,
				6FECCF70903BE7ACBA10D80F /* OSDSuppressor.swift in Sources */,
				2EBA5724103EB2F4A25861D1 /* OnboardingStep.swift in Sources */,
				872C4394EB12D2F3DD16D8BB /* OnboardingView.swift in Sources */,
				B50430E3059C902649C2B6DB /* OnboardingWindowController.swift in Sources */,
				F44E514A7B4FA994205C18A8 /* ParakeetEngine.swift in Sources */,
				558F9729FFE83085D2784147 /* ParakeetTranscriber.swift in Sources */,
				EBD837C808F8B1C988F91A7C /* Paster.swift in Sources */,
				F721B62A4AE944C7CF5BC17A /* PermissionRequester.swift in Sources */,
				C2D9E68847BC28D2100AE955 /* PermissionsModel.swift in Sources */,
				8216F256E7F31B5D6C227BF2 /* PermissionsPane.swift in Sources */,
				43CC7A9080A291F8BE4BD7AA /* PowerService.swift in Sources */,
				18F763D5FC458DE776D07E18 /* ProgressiveBlur.swift in Sources */,
				0250D3AC1DF27F1CDA1EB52A /* SettingsStore.swift in Sources */,
				720374509F92779850C194E8 /* SettingsView.swift in Sources */,
				98CA2F12A40662BCDB8F616B /* SettingsWindowController.swift in Sources */,
				D6D4037D1E230FEDE2352BB9 /* SoundCue.swift in Sources */,
				B9A29D1A34231911A8564038 /* SpectrumAnalyzer.swift in Sources */,
				B463327ABD84563142C4CCA2 /* SpeechTranscriber.swift in Sources */,
				367DBD6FF12C1BF17D017692 /* SpokenCommands.swift in Sources */,
				53D68B452962692E0BA73CB0 /* StatsController.swift in Sources */,
				304DCEF32FDE3017A29FFB4C /* StatsExpandedView.swift in Sources */,
				322CBA757B63BDB9EB347C90 /* StyleStore.swift in Sources */,
				BE32DA154376F5CA427AADB2 /* SystemAudioTap.swift in Sources */,
				AAECAFF8632E84F68708D361 /* SystemStats.swift in Sources */,
				3A639723CF59773C1D1C50D4 /* TextPolish.swift in Sources */,
				B3681F4C8AB56CF252F8B855 /* TranscriptCleaner.swift in Sources */,
				6FC9B8CBA32BA24790397380 /* TranscriptHygiene.swift in Sources */,
				EAE8E3E4DBDE9B3FF93159E0 /* Uninstaller.swift in Sources */,
				DEDC93BF74C5528C3B25FA2A /* VisualizerBars.swift in Sources */,
				66EF452C0CA9BE2F1F175300 /* WeatherService.swift in Sources */,
			);
			runOnlyForDeploymentPostprocessing = 0;
		};
/* End PBXSourcesBuildPhase section */

/* Begin XCBuildConfiguration section */
		42F2D98D4408203BEE929024 /* Release */ = {
			isa = XCBuildConfiguration;
			buildSettings = {
				ALWAYS_SEARCH_USER_PATHS = NO;
				CLANG_ANALYZER_NONNULL = YES;
				CLANG_ANALYZER_NUMBER_OBJECT_CONVERSION = YES_AGGRESSIVE;
				CLANG_CXX_LANGUAGE_STANDARD = "gnu++14";
				CLANG_CXX_LIBRARY = "libc++";
				CLANG_ENABLE_MODULES = YES;
				CLANG_ENABLE_OBJC_ARC = YES;
				CLANG_ENABLE_OBJC_WEAK = YES;
				CLANG_WARN_BLOCK_CAPTURE_AUTORELEASING = YES;
				CLANG_WARN_BOOL_CONVERSION = YES;
				CLANG_WARN_COMMA = YES;
				CLANG_WARN_CONSTANT_CONVERSION = YES;
				CLANG_WARN_DEPRECATED_OBJC_IMPLEMENTATIONS = YES;
				CLANG_WARN_DIRECT_OBJC_ISA_USAGE = YES_ERROR;
				CLANG_WARN_DOCUMENTATION_COMMENTS = YES;
				CLANG_WARN_EMPTY_BODY = YES;
				CLANG_WARN_ENUM_CONVERSION = YES;
				CLANG_WARN_INFINITE_RECURSION = YES;
				CLANG_WARN_INT_CONVERSION = YES;
				CLANG_WARN_NON_LITERAL_NULL_CONVERSION = YES;
				CLANG_WARN_OBJC_IMPLICIT_RETAIN_SELF = YES;
				CLANG_WARN_OBJC_LITERAL_CONVERSION = YES;
				CLANG_WARN_OBJC_ROOT_CLASS = YES_ERROR;
				CLANG_WARN_QUOTED_INCLUDE_IN_FRAMEWORK_HEADER = YES;
				CLANG_WARN_RANGE_LOOP_ANALYSIS = YES;
				CLANG_WARN_STRICT_PROTOTYPES = YES;
				CLANG_WARN_SUSPICIOUS_MOVE = YES;
				CLANG_WARN_UNGUARDED_AVAILABILITY = YES_AGGRESSIVE;
				CLANG_WARN_UNREACHABLE_CODE = YES;
				CLANG_WARN__DUPLICATE_METHOD_MATCH = YES;
				COPY_PHASE_STRIP = NO;
				CURRENT_PROJECT_VERSION = 1;
				DEBUG_INFORMATION_FORMAT = "dwarf-with-dsym";
				ENABLE_NS_ASSERTIONS = NO;
				ENABLE_STRICT_OBJC_MSGSEND = YES;
				GCC_C_LANGUAGE_STANDARD = gnu11;
				GCC_NO_COMMON_BLOCKS = YES;
				GCC_WARN_64_TO_32_BIT_CONVERSION = YES;
				GCC_WARN_ABOUT_RETURN_TYPE = YES_ERROR;
				GCC_WARN_UNDECLARED_SELECTOR = YES;
				GCC_WARN_UNINITIALIZED_AUTOS = YES_AGGRESSIVE;
				GCC_WARN_UNUSED_FUNCTION = YES;
				GCC_WARN_UNUSED_VARIABLE = YES;
				MACOSX_DEPLOYMENT_TARGET = 14.0;
				MARKETING_VERSION = 0.1.0;
				MTL_ENABLE_DEBUG_INFO = NO;
				MTL_FAST_MATH = YES;
				PRODUCT_NAME = "$(TARGET_NAME)";
				SDKROOT = macosx;
				SWIFT_COMPILATION_MODE = wholemodule;
				SWIFT_OPTIMIZATION_LEVEL = "-O";
				SWIFT_VERSION = 5.0;
			};
			name = Release;
		};
		482026F9EF36A4F665713DB1 /* Release */ = {
			isa = XCBuildConfiguration;
			buildSettings = {
				ASSETCATALOG_COMPILER_APPICON_NAME = AppIcon;
				CODE_SIGN_ENTITLEMENTS = Resources/Notchless.entitlements;
				CODE_SIGN_STYLE = Automatic;
				COMBINE_HIDPI_IMAGES = YES;
				ENABLE_HARDENED_RUNTIME = NO;
				ENABLE_USER_SCRIPT_SANDBOXING = NO;
				GENERATE_INFOPLIST_FILE = NO;
				INFOPLIST_FILE = Resources/Info.plist;
				LD_RUNPATH_SEARCH_PATHS = (
					"$(inherited)",
					"@executable_path/../Frameworks",
				);
				PRODUCT_BUNDLE_IDENTIFIER = com.rexdanquah.Notchless;
				SDKROOT = macosx;
			};
			name = Release;
		};
		619F13CE59C387582F6295B4 /* Debug */ = {
			isa = XCBuildConfiguration;
			buildSettings = {
				ASSETCATALOG_COMPILER_APPICON_NAME = AppIcon;
				CODE_SIGN_ENTITLEMENTS = Resources/Notchless.entitlements;
				CODE_SIGN_STYLE = Automatic;
				COMBINE_HIDPI_IMAGES = YES;
				ENABLE_HARDENED_RUNTIME = NO;
				ENABLE_USER_SCRIPT_SANDBOXING = NO;
				GENERATE_INFOPLIST_FILE = NO;
				INFOPLIST_FILE = Resources/Info.plist;
				LD_RUNPATH_SEARCH_PATHS = (
					"$(inherited)",
					"@executable_path/../Frameworks",
				);
				PRODUCT_BUNDLE_IDENTIFIER = com.rexdanquah.Notchless;
				SDKROOT = macosx;
			};
			name = Debug;
		};
		7E9A0BC852A2A9AA58A6A753 /* Debug */ = {
			isa = XCBuildConfiguration;
			buildSettings = {
				ALWAYS_SEARCH_USER_PATHS = NO;
				CLANG_ANALYZER_NONNULL = YES;
				CLANG_ANALYZER_NUMBER_OBJECT_CONVERSION = YES_AGGRESSIVE;
				CLANG_CXX_LANGUAGE_STANDARD = "gnu++14";
				CLANG_CXX_LIBRARY = "libc++";
				CLANG_ENABLE_MODULES = YES;
				CLANG_ENABLE_OBJC_ARC = YES;
				CLANG_ENABLE_OBJC_WEAK = YES;
				CLANG_WARN_BLOCK_CAPTURE_AUTORELEASING = YES;
				CLANG_WARN_BOOL_CONVERSION = YES;
				CLANG_WARN_COMMA = YES;
				CLANG_WARN_CONSTANT_CONVERSION = YES;
				CLANG_WARN_DEPRECATED_OBJC_IMPLEMENTATIONS = YES;
				CLANG_WARN_DIRECT_OBJC_ISA_USAGE = YES_ERROR;
				CLANG_WARN_DOCUMENTATION_COMMENTS = YES;
				CLANG_WARN_EMPTY_BODY = YES;
				CLANG_WARN_ENUM_CONVERSION = YES;
				CLANG_WARN_INFINITE_RECURSION = YES;
				CLANG_WARN_INT_CONVERSION = YES;
				CLANG_WARN_NON_LITERAL_NULL_CONVERSION = YES;
				CLANG_WARN_OBJC_IMPLICIT_RETAIN_SELF = YES;
				CLANG_WARN_OBJC_LITERAL_CONVERSION = YES;
				CLANG_WARN_OBJC_ROOT_CLASS = YES_ERROR;
				CLANG_WARN_QUOTED_INCLUDE_IN_FRAMEWORK_HEADER = YES;
				CLANG_WARN_RANGE_LOOP_ANALYSIS = YES;
				CLANG_WARN_STRICT_PROTOTYPES = YES;
				CLANG_WARN_SUSPICIOUS_MOVE = YES;
				CLANG_WARN_UNGUARDED_AVAILABILITY = YES_AGGRESSIVE;
				CLANG_WARN_UNREACHABLE_CODE = YES;
				CLANG_WARN__DUPLICATE_METHOD_MATCH = YES;
				COPY_PHASE_STRIP = NO;
				CURRENT_PROJECT_VERSION = 1;
				DEBUG_INFORMATION_FORMAT = dwarf;
				ENABLE_STRICT_OBJC_MSGSEND = YES;
				ENABLE_TESTABILITY = YES;
				GCC_C_LANGUAGE_STANDARD = gnu11;
				GCC_DYNAMIC_NO_PIC = NO;
				GCC_NO_COMMON_BLOCKS = YES;
				GCC_OPTIMIZATION_LEVEL = 0;
				GCC_PREPROCESSOR_DEFINITIONS = (
					"$(inherited)",
					"DEBUG=1",
				);
				GCC_WARN_64_TO_32_BIT_CONVERSION = YES;
				GCC_WARN_ABOUT_RETURN_TYPE = YES_ERROR;
				GCC_WARN_UNDECLARED_SELECTOR = YES;
				GCC_WARN_UNINITIALIZED_AUTOS = YES_AGGRESSIVE;
				GCC_WARN_UNUSED_FUNCTION = YES;
				GCC_WARN_UNUSED_VARIABLE = YES;
				MACOSX_DEPLOYMENT_TARGET = 14.0;
				MARKETING_VERSION = 0.1.0;
				MTL_ENABLE_DEBUG_INFO = INCLUDE_SOURCE;
				MTL_FAST_MATH = YES;
				ONLY_ACTIVE_ARCH = YES;
				PRODUCT_NAME = "$(TARGET_NAME)";
				SDKROOT = macosx;
				SWIFT_ACTIVE_COMPILATION_CONDITIONS = DEBUG;
				SWIFT_OPTIMIZATION_LEVEL = "-Onone";
				SWIFT_VERSION = 5.0;
			};
			name = Debug;
		};
/* End XCBuildConfiguration section */

/* Begin XCConfigurationList section */
		34834583B775BFF295289FD8 /* Build configuration list for PBXNativeTarget "Notchless" */ = {
			isa = XCConfigurationList;
			buildConfigurations = (
				619F13CE59C387582F6295B4 /* Debug */,
				482026F9EF36A4F665713DB1 /* Release */,
			);
			defaultConfigurationIsVisible = 0;
			defaultConfigurationName = Debug;
		};
		F99D7D3616A5B04EF1C9B748 /* Build configuration list for PBXProject "Notchless" */ = {
			isa = XCConfigurationList;
			buildConfigurations = (
				7E9A0BC852A2A9AA58A6A753 /* Debug */,
				42F2D98D4408203BEE929024 /* Release */,
			);
			defaultConfigurationIsVisible = 0;
			defaultConfigurationName = Debug;
		};
/* End XCConfigurationList section */

/* Begin XCRemoteSwiftPackageReference section */
		4B2257032D0FC4DB9E82D138 /* XCRemoteSwiftPackageReference "FluidAudio" */ = {
			isa = XCRemoteSwiftPackageReference;
			repositoryURL = "https://github.com/FluidInference/FluidAudio";
			requirement = {
				kind = exactVersion;
				version = 0.15.2;
			};
		};
		B669E106D273B3E0137B5A00 /* XCRemoteSwiftPackageReference "LLM.swift" */ = {
			isa = XCRemoteSwiftPackageReference;
			repositoryURL = "https://github.com/eastriverlee/LLM.swift";
			requirement = {
				branch = main;
				kind = branch;
			};
		};
/* End XCRemoteSwiftPackageReference section */

/* Begin XCSwiftPackageProductDependency section */
		E306D38308F488634521A017 /* LLM */ = {
			isa = XCSwiftPackageProductDependency;
			package = B669E106D273B3E0137B5A00 /* XCRemoteSwiftPackageReference "LLM.swift" */;
			productName = LLM;
		};
		FED496F03943988A5661F68C /* FluidAudio */ = {
			isa = XCSwiftPackageProductDependency;
			package = 4B2257032D0FC4DB9E82D138 /* XCRemoteSwiftPackageReference "FluidAudio" */;
			productName = FluidAudio;
		};
/* End XCSwiftPackageProductDependency section */
	};
	rootObject = 08891B146850EC86CF9FCC47 /* Project object */;
}
